
Microsoft Visual Studio Solution File, Format Version 12.00
# Visual Studio 15
VisualStudioVersion = 15.0.28307.572
MinimumVisualStudioVersion = 10.0.40219.1
Project("{FAE04EC0-301F-11D3-BF4B-00C04F79EFBC}") = "EX07boolskAlgebra_7.1", "EX07boolskAlgebra_7.1\EX07boolskAlgebra_7.1.csproj", "{CC15882C-E61E-403B-A444-E284108DB5F1}"
EndProject
Global
	GlobalSection(SolutionConfigurationPlatforms) = preSolution
		Debug|Any CPU = Debug|Any CPU
		Release|Any CPU = Release|Any CPU
	EndGlobalSection
	GlobalSection(ProjectConfigurationPlatforms) = postSolution
		{CC15882C-E61E-403B-A444-E284108DB5F1}.Debug|Any CPU.ActiveCfg = Debug|Any CPU
		{CC15882C-E61E-403B-A444-E284108DB5F1}.Debug|Any CPU.Build.0 = Debug|Any CPU
		{CC15882C-E61E-403B-A444-E284108DB5F1}.Release|Any CPU.ActiveCfg = Release|Any CPU
		{CC15882C-E61E-403B-A444-E284108DB5F1}.Release|Any CPU.Build.0 = Release|Any CPU
	EndGlobalSection
	GlobalSection(SolutionProperties) = preSolution
		HideSolutionNode = FALSE
	EndGlobalSection
	GlobalSection(ExtensibilityGlobals) = postSolution
		SolutionGuid = {AA6B7817-FAA2-462B-9BD7-9CA92224A315}
	EndGlobalSection
EndGlobal
