
Microsoft Visual Studio Solution File, Format Version 12.00
# Visual Studio 15
VisualStudioVersion = 15.0.28307.572
MinimumVisualStudioVersion = 10.0.40219.1
Project("{FAE04EC0-301F-11D3-BF4B-00C04F79EFBC}") = "EX06Selection_6.6", "EX06Selection_6.6\EX06Selection_6.6.csproj", "{33021F8D-033B-4002-8F39-15F890849A4A}"
EndProject
Global
	GlobalSection(SolutionConfigurationPlatforms) = preSolution
		Debug|Any CPU = Debug|Any CPU
		Release|Any CPU = Release|Any CPU
	EndGlobalSection
	GlobalSection(ProjectConfigurationPlatforms) = postSolution
		{33021F8D-033B-4002-8F39-15F890849A4A}.Debug|Any CPU.ActiveCfg = Debug|Any CPU
		{33021F8D-033B-4002-8F39-15F890849A4A}.Debug|Any CPU.Build.0 = Debug|Any CPU
		{33021F8D-033B-4002-8F39-15F890849A4A}.Release|Any CPU.ActiveCfg = Release|Any CPU
		{33021F8D-033B-4002-8F39-15F890849A4A}.Release|Any CPU.Build.0 = Release|Any CPU
	EndGlobalSection
	GlobalSection(SolutionProperties) = preSolution
		HideSolutionNode = FALSE
	EndGlobalSection
	GlobalSection(ExtensibilityGlobals) = postSolution
		SolutionGuid = {7B543E95-088E-4CC2-83B8-B7B8FB796C7B}
	EndGlobalSection
EndGlobal
