
Microsoft Visual Studio Solution File, Format Version 12.00
# Visual Studio 15
VisualStudioVersion = 15.0.28307.572
MinimumVisualStudioVersion = 10.0.40219.1
Project("{FAE04EC0-301F-11D3-BF4B-00C04F79EFBC}") = "EX07boolskAlgebra_7.2", "EX07boolskAlgebra_7.2\EX07boolskAlgebra_7.2.csproj", "{9D3B2349-CF82-47F9-A086-A5654B2F4E73}"
EndProject
Global
	GlobalSection(SolutionConfigurationPlatforms) = preSolution
		Debug|Any CPU = Debug|Any CPU
		Release|Any CPU = Release|Any CPU
	EndGlobalSection
	GlobalSection(ProjectConfigurationPlatforms) = postSolution
		{9D3B2349-CF82-47F9-A086-A5654B2F4E73}.Debug|Any CPU.ActiveCfg = Debug|Any CPU
		{9D3B2349-CF82-47F9-A086-A5654B2F4E73}.Debug|Any CPU.Build.0 = Debug|Any CPU
		{9D3B2349-CF82-47F9-A086-A5654B2F4E73}.Release|Any CPU.ActiveCfg = Release|Any CPU
		{9D3B2349-CF82-47F9-A086-A5654B2F4E73}.Release|Any CPU.Build.0 = Release|Any CPU
	EndGlobalSection
	GlobalSection(SolutionProperties) = preSolution
		HideSolutionNode = FALSE
	EndGlobalSection
	GlobalSection(ExtensibilityGlobals) = postSolution
		SolutionGuid = {E4B58E27-FBD1-4878-9E25-078798C18A6E}
	EndGlobalSection
EndGlobal
