
Microsoft Visual Studio Solution File, Format Version 12.00
# Visual Studio 15
VisualStudioVersion = 15.0.28307.572
MinimumVisualStudioVersion = 10.0.40219.1
Project("{FAE04EC0-301F-11D3-BF4B-00C04F79EFBC}") = "EX08boolskAlgebra_8.1", "EX08boolskAlgebra_8.1\EX08boolskAlgebra_8.1.csproj", "{DF691B3C-4E77-4D3C-AD5D-B7E3C7FD459D}"
EndProject
Global
	GlobalSection(SolutionConfigurationPlatforms) = preSolution
		Debug|Any CPU = Debug|Any CPU
		Release|Any CPU = Release|Any CPU
	EndGlobalSection
	GlobalSection(ProjectConfigurationPlatforms) = postSolution
		{DF691B3C-4E77-4D3C-AD5D-B7E3C7FD459D}.Debug|Any CPU.ActiveCfg = Debug|Any CPU
		{DF691B3C-4E77-4D3C-AD5D-B7E3C7FD459D}.Debug|Any CPU.Build.0 = Debug|Any CPU
		{DF691B3C-4E77-4D3C-AD5D-B7E3C7FD459D}.Release|Any CPU.ActiveCfg = Release|Any CPU
		{DF691B3C-4E77-4D3C-AD5D-B7E3C7FD459D}.Release|Any CPU.Build.0 = Release|Any CPU
	EndGlobalSection
	GlobalSection(SolutionProperties) = preSolution
		HideSolutionNode = FALSE
	EndGlobalSection
	GlobalSection(ExtensibilityGlobals) = postSolution
		SolutionGuid = {6C311C87-9C72-4727-B7F1-340B9CF2A655}
	EndGlobalSection
EndGlobal
