
Microsoft Visual Studio Solution File, Format Version 12.00
# Visual Studio 15
VisualStudioVersion = 15.0.28307.572
MinimumVisualStudioVersion = 10.0.40219.1
Project("{FAE04EC0-301F-11D3-BF4B-00C04F79EFBC}") = "Opgave_1", "CSharp_BasicDataTypes\Opgave_1.csproj", "{0425F05C-E318-4C6F-8BEE-BDE0BBDE682F}"
EndProject
Project("{FAE04EC0-301F-11D3-BF4B-00C04F79EFBC}") = "Opgave_2", "Opgave_2\Opgave_2.csproj", "{3449A0D0-E51E-453F-B177-D17A789A9ED7}"
EndProject
Global
	GlobalSection(SolutionConfigurationPlatforms) = preSolution
		Debug|Any CPU = Debug|Any CPU
		Release|Any CPU = Release|Any CPU
	EndGlobalSection
	GlobalSection(ProjectConfigurationPlatforms) = postSolution
		{0425F05C-E318-4C6F-8BEE-BDE0BBDE682F}.Debug|Any CPU.ActiveCfg = Debug|Any CPU
		{0425F05C-E318-4C6F-8BEE-BDE0BBDE682F}.Debug|Any CPU.Build.0 = Debug|Any CPU
		{0425F05C-E318-4C6F-8BEE-BDE0BBDE682F}.Release|Any CPU.ActiveCfg = Release|Any CPU
		{0425F05C-E318-4C6F-8BEE-BDE0BBDE682F}.Release|Any CPU.Build.0 = Release|Any CPU
		{3449A0D0-E51E-453F-B177-D17A789A9ED7}.Debug|Any CPU.ActiveCfg = Debug|Any CPU
		{3449A0D0-E51E-453F-B177-D17A789A9ED7}.Debug|Any CPU.Build.0 = Debug|Any CPU
		{3449A0D0-E51E-453F-B177-D17A789A9ED7}.Release|Any CPU.ActiveCfg = Release|Any CPU
		{3449A0D0-E51E-453F-B177-D17A789A9ED7}.Release|Any CPU.Build.0 = Release|Any CPU
	EndGlobalSection
	GlobalSection(SolutionProperties) = preSolution
		HideSolutionNode = FALSE
	EndGlobalSection
	GlobalSection(ExtensibilityGlobals) = postSolution
		SolutionGuid = {90BF917A-C83B-4584-B9AC-82F0BFDB555E}
	EndGlobalSection
EndGlobal
